
Microsoft Visual Studio Solution File, Format Version 9.00
# Visual Studio 2005
Project("{8BC9CEB8-8B4A-11D0-8D11-00A0C91BC942}") = "exprtest", "src\exprtest.vcproj", "{593B904F-87DE-4A3C-85BD-0BDD5F939C0F}"
	ProjectSection(ProjectDependencies) = postProject
		{599F27DC-A593-4E7C-A461-D7B3198118B0} = {599F27DC-A593-4E7C-A461-D7B3198118B0}
	EndProjectSection
EndProject
Project("{8BC9CEB8-8B4A-11D0-8D11-00A0C91BC942}") = "libexampleparser", "src\libexampleparser.vcproj", "{599F27DC-A593-4E7C-A461-D7B3198118B0}"
EndProject
Global
	GlobalSection(SolutionConfigurationPlatforms) = preSolution
		Debug|Win32 = Debug|Win32
		Release|Win32 = Release|Win32
	EndGlobalSection
	GlobalSection(ProjectConfigurationPlatforms) = postSolution
		{593B904F-87DE-4A3C-85BD-0BDD5F939C0F}.Debug|Win32.ActiveCfg = Debug|Win32
		{593B904F-87DE-4A3C-85BD-0BDD5F939C0F}.Debug|Win32.Build.0 = Debug|Win32
		{593B904F-87DE-4A3C-85BD-0BDD5F939C0F}.Release|Win32.ActiveCfg = Release|Win32
		{593B904F-87DE-4A3C-85BD-0BDD5F939C0F}.Release|Win32.Build.0 = Release|Win32
		{599F27DC-A593-4E7C-A461-D7B3198118B0}.Debug|Win32.ActiveCfg = Debug|Win32
		{599F27DC-A593-4E7C-A461-D7B3198118B0}.Debug|Win32.Build.0 = Debug|Win32
		{599F27DC-A593-4E7C-A461-D7B3198118B0}.Release|Win32.ActiveCfg = Release|Win32
		{599F27DC-A593-4E7C-A461-D7B3198118B0}.Release|Win32.Build.0 = Release|Win32
	EndGlobalSection
	GlobalSection(SolutionProperties) = preSolution
		HideSolutionNode = FALSE
	EndGlobalSection
EndGlobal
